
Microsoft Visual Studio Solution File, Format Version 12.00
# Visual Studio Version 16
VisualStudioVersion = 16.0.31112.23
MinimumVisualStudioVersion = 10.0.40219.1
Project("{FAE04EC0-301F-11D3-BF4B-00C04F79EFBC}") = "CyBoard_Beitragszahlen", "CyBoard_Beitragszahlen\CyBoard_Beitragszahlen.csproj", "{F90D3946-A7F2-4F46-AF1E-8A4F8C22A14A}"
EndProject
Global
	GlobalSection(SolutionConfigurationPlatforms) = preSolution
		Debug|Any CPU = Debug|Any CPU
		Release|Any CPU = Release|Any CPU
	EndGlobalSection
	GlobalSection(ProjectConfigurationPlatforms) = postSolution
		{F90D3946-A7F2-4F46-AF1E-8A4F8C22A14A}.Debug|Any CPU.ActiveCfg = Debug|Any CPU
		{F90D3946-A7F2-4F46-AF1E-8A4F8C22A14A}.Debug|Any CPU.Build.0 = Debug|Any CPU
		{F90D3946-A7F2-4F46-AF1E-8A4F8C22A14A}.Release|Any CPU.ActiveCfg = Release|Any CPU
		{F90D3946-A7F2-4F46-AF1E-8A4F8C22A14A}.Release|Any CPU.Build.0 = Release|Any CPU
	EndGlobalSection
	GlobalSection(SolutionProperties) = preSolution
		HideSolutionNode = FALSE
	EndGlobalSection
	GlobalSection(ExtensibilityGlobals) = postSolution
		SolutionGuid = {9ADA11CE-3CC4-481A-A082-3477AA98FDC0}
	EndGlobalSection
EndGlobal
